# THIS IS AN AUTOGENERATED FILE. DO NOT EDIT THIS FILE DIRECTLY.
# yarn lockfile v1


simple-parallax-js@^6.1.1:
  version "6.1.1"
  resolved "https://registry.yarnpkg.com/simple-parallax-js/-/simple-parallax-js-6.1.1.tgz#dbdc46424c7f1700621f2002c78e950e1a263dd4"
  integrity sha512-jTuiAi0YL4xXuzwmJvueXibc2uFOiTJrAreO2scgu3/roOA4uOatWlwNCDJ23blO2AQWqF8fQAHA+eVL9vUETw==
